{
  "name": "rwc-cypress",
  "version": "1.0.0",
  "lockfileVersion": 2,
  "requires": true,
  "packages": {
    "": {
      "version": "1.0.0",
      "license": "ISC",
      "devDependencies": {
        "faker": "^5.5.2"
      }
    },
    "node_modules/faker": {
      "version": "5.5.2",
      "resolved": "https://registry.npmjs.org/faker/-/faker-5.5.2.tgz",
      "integrity": "sha512-6G3lzZXWjWfqTJDS9KhHFIislZMGdrzDqews3T14E/dsANVbs3YT4A3jSNDrbA/gbtmjLuKJx9DzcLucdXBqBw==",
      "dev": true
    }
  },
  "dependencies": {
    "faker": {
      "version": "5.5.2",
      "resolved": "https://registry.npmjs.org/faker/-/faker-5.5.2.tgz",
      "integrity": "sha512-6G3lzZXWjWfqTJDS9KhHFIislZMGdrzDqews3T14E/dsANVbs3YT4A3jSNDrbA/gbtmjLuKJx9DzcLucdXBqBw==",
      "dev": true
    }
  }
}
